
Microsoft Visual Studio Solution File, Format Version 12.00
# Visual Studio Version 17
VisualStudioVersion = 17.9.34714.143
MinimumVisualStudioVersion = 10.0.40219.1
Project("{9A19103F-16F7-4668-BE54-9A1E7A4F7556}") = "ToolBelt", "ToolBelt.csproj", "{61A77B48-D24C-480D-9298-118094B0B87B}"
EndProject
Global
	GlobalSection(SolutionConfigurationPlatforms) = preSolution
		Debug|Any CPU = Debug|Any CPU
		Release|Any CPU = Release|Any CPU
	EndGlobalSection
	GlobalSection(ProjectConfigurationPlatforms) = postSolution
		{61A77B48-D24C-480D-9298-118094B0B87B}.Debug|Any CPU.ActiveCfg = Debug|Any CPU
		{61A77B48-D24C-480D-9298-118094B0B87B}.Debug|Any CPU.Build.0 = Debug|Any CPU
		{61A77B48-D24C-480D-9298-118094B0B87B}.Release|Any CPU.ActiveCfg = Release|Any CPU
		{61A77B48-D24C-480D-9298-118094B0B87B}.Release|Any CPU.Build.0 = Release|Any CPU
	EndGlobalSection
	GlobalSection(SolutionProperties) = preSolution
		HideSolutionNode = FALSE
	EndGlobalSection
	GlobalSection(ExtensibilityGlobals) = postSolution
		SolutionGuid = {96E478E3-B2EC-4C3D-971E-4ACDCF82B6BA}
	EndGlobalSection
EndGlobal
